
Microsoft Visual Studio Solution File, Format Version 12.00
# Visual Studio Version 17
VisualStudioVersion = 17.5.002.0
MinimumVisualStudioVersion = 10.0.40219.1
Project("{9A19103F-16F7-4668-BE54-9A1E7A4F7556}") = "api", "api\api.csproj", "{9590DBD7-E119-4BCE-8FC0-78E8536FF1AF}"
EndProject
Global
	GlobalSection(SolutionConfigurationPlatforms) = preSolution
		Debug|Any CPU = Debug|Any CPU
		Release|Any CPU = Release|Any CPU
	EndGlobalSection
	GlobalSection(ProjectConfigurationPlatforms) = postSolution
		{9590DBD7-E119-4BCE-8FC0-78E8536FF1AF}.Debug|Any CPU.ActiveCfg = Debug|Any CPU
		{9590DBD7-E119-4BCE-8FC0-78E8536FF1AF}.Debug|Any CPU.Build.0 = Debug|Any CPU
		{9590DBD7-E119-4BCE-8FC0-78E8536FF1AF}.Release|Any CPU.ActiveCfg = Release|Any CPU
		{9590DBD7-E119-4BCE-8FC0-78E8536FF1AF}.Release|Any CPU.Build.0 = Release|Any CPU
	EndGlobalSection
	GlobalSection(SolutionProperties) = preSolution
		HideSolutionNode = FALSE
	EndGlobalSection
	GlobalSection(NestedProjects) = preSolution
		{9590DBD7-E119-4BCE-8FC0-78E8536FF1AF} = {F2AA387A-9ADD-4BD6-A4CF-2317F60FEF13}
	EndGlobalSection
	GlobalSection(ExtensibilityGlobals) = postSolution
		SolutionGuid = {947AAAE0-F59D-41CF-A5E7-FE8AF2F2E6B3}
	EndGlobalSection
EndGlobal
